Microsoft Visual Studio Solution File, Format Version 12.00
# Visual Studio Version 17
VisualStudioVersion = 17.5.2.0
MinimumVisualStudioVersion = 10.0.40219.1
Project("{FAE04EC0-301F-11D3-BF4B-00C04F79EFBC}") = "MatrixQR", "MatrixQR\MatrixQR.csproj", "{08AE5F09-813F-00B2-8A20-BCF265F08FD3}"
EndProject
Global
	GlobalSection(SolutionConfigurationPlatforms) = preSolution
		Debug|Any CPU = Debug|Any CPU
		Release|Any CPU = Release|Any CPU
	EndGlobalSection
	GlobalSection(ProjectConfigurationPlatforms) = postSolution
		{08AE5F09-813F-00B2-8A20-BCF265F08FD3}.Debug|Any CPU.ActiveCfg = Debug|Any CPU
		{08AE5F09-813F-00B2-8A20-BCF265F08FD3}.Debug|Any CPU.Build.0 = Debug|Any CPU
		{08AE5F09-813F-00B2-8A20-BCF265F08FD3}.Release|Any CPU.ActiveCfg = Release|Any CPU
		{08AE5F09-813F-00B2-8A20-BCF265F08FD3}.Release|Any CPU.Build.0 = Release|Any CPU
	EndGlobalSection
	GlobalSection(SolutionProperties) = preSolution
		HideSolutionNode = FALSE
	EndGlobalSection
	GlobalSection(ExtensibilityGlobals) = postSolution
		SolutionGuid = {D7810AD9-2A3D-4663-9810-319AD7982515}
	EndGlobalSection
EndGlobal
